<Solution>
  <Folder Name="/Solution Items/">
    <File Path="../.editorconfig" />
    <File Path="../.gitattributes" />
    <File Path="../.github/workflows/ci.yml" />
    <File Path="../.gitignore" />
    <File Path="../license.txt" />
    <File Path="../readme.md" />
    <File Path="Directory.Build.props" />
    <File Path="Directory.Packages.props" />
    <File Path="dotnet-releaser.toml" />
    <File Path="global.json" />
  </Folder>
  <Project Path="XenoAtom.Terminal.UI.Tests/XenoAtom.Terminal.UI.Tests.csproj" />
  <Project Path="XenoAtom.Terminal.UI.SourceGen/XenoAtom.Terminal.UI.SourceGen.csproj" />
  <Project Path="XenoAtom.Terminal.UI/XenoAtom.Terminal.UI.csproj" />
  <Project Path="../samples/MvpDemo/MvpDemo.csproj" />
  <Project Path="../samples/FullscreenDemo/FullscreenDemo.csproj" />
</Solution>
