<Solution>
  <Folder Name="/general/">
    <File Path="../.editorconfig" />
    <File Path="../.gitattributes" />
    <File Path="../.github/workflows/ci.yml" />
    <File Path="../.gitignore" />
    <File Path="../license.txt" />
    <File Path="../readme.md" />
    <File Path="Directory.Build.props" />
    <File Path="Directory.Packages.props" />
    <File Path="dotnet-releaser.toml" />
    <File Path="global.json" />
  </Folder>
  <Folder Name="/samples/">
    <Project Path="../samples/ControlsDemo/ControlsDemo.csproj" />
    <Project Path="../samples/FullscreenDemo/FullscreenDemo.csproj" />
    <Project Path="../samples/InlineLiveDemo/InlineLiveDemo.csproj" />
    <Project Path="../samples/Playground/Playground.csproj" Id="45880fed-b308-4d0c-8ee1-cc6e732d9873" />
  </Folder>
  <Folder Name="/tools/">
    <Project Path="../tools/FigletCodeGenApp/FigletCodeGenApp.csproj" />
    <Project Path="../tools/NerdFontCodeGenApp/NerdFontCodeGenApp.csproj" />
  </Folder>
  <Folder Name="/extensions/">
    <Project Path="XenoAtom.Terminal.UI.Extensions.CodeEditor.TextMateSharp/XenoAtom.Terminal.UI.Extensions.CodeEditor.TextMateSharp.csproj" />
    <Project Path="XenoAtom.Terminal.UI.Extensions.Markdown/XenoAtom.Terminal.UI.Extensions.Markdown.csproj" />
    <Project Path="XenoAtom.Terminal.UI.Extensions.Screenshot/XenoAtom.Terminal.UI.Extensions.Screenshot.csproj" />
  </Folder>
  <Project Path="XenoAtom.Terminal.UI.Tests/XenoAtom.Terminal.UI.Tests.csproj" />
  <Project Path="XenoAtom.Terminal.UI.SourceGen/XenoAtom.Terminal.UI.SourceGen.csproj" />
  <Project Path="XenoAtom.Terminal.UI/XenoAtom.Terminal.UI.csproj" />
</Solution>
